<?xml version="1.0" encoding="utf-8"?>
<Project ToolsVersion="4.0" xmlns="http://schemas.microsoft.com/developer/msbuild/2003">
  <ItemGroup>
    <Filter Include="源文件">
      <UniqueIdentifier>{4FC737F1-C7A5-4376-A066-2A32D752A2FF}</UniqueIdentifier>
      <Extensions>cpp;c;cc;cxx;c++;cppm;ixx;def;odl;idl;hpj;bat;asm;asmx</Extensions>
    </Filter>
    <Filter Include="头文件">
      <UniqueIdentifier>{93995380-89BD-4b04-88EB-625FBE52EBFB}</UniqueIdentifier>
      <Extensions>h;hh;hpp;hxx;h++;hm;inl;inc;ipp;xsd</Extensions>
    </Filter>
    <Filter Include="资源文件">
      <UniqueIdentifier>{67DA6AB6-F800-4c08-8B7A-83BB121AAD01}</UniqueIdentifier>
      <Extensions>rc;ico;cur;bmp;dlg;rc2;rct;bin;rgs;gif;jpg;jpeg;jpe;resx;tiff;tif;png;wav;mfcribbon-ms</Extensions>
    </Filter>
  </ItemGroup>
  <ItemGroup>
    <ClCompile Include="main.cpp">
      <Filter>源文件</Filter>
    </ClCompile>
    <ClCompile Include="Vector3.cpp">
      <Filter>源文件</Filter>
    </ClCompile>
    <ClCompile Include="Math.cpp">
      <Filter>源文件</Filter>
    </ClCompile>
    <ClCompile Include="Debug.cpp">
      <Filter>源文件</Filter>
    </ClCompile>
    <ClCompile Include="Particle.cpp">
      <Filter>源文件</Filter>
    </ClCompile>
    <ClCompile Include="ParticleForceRegistry.cpp">
      <Filter>源文件</Filter>
    </ClCompile>
    <ClCompile Include="ParticleGravity.cpp">
      <Filter>源文件</Filter>
    </ClCompile>
    <ClCompile Include="ParticleDrag.cpp">
      <Filter>源文件</Filter>
    </ClCompile>
    <ClCompile Include="ParticleSpring.cpp">
      <Filter>源文件</Filter>
    </ClCompile>
    <ClCompile Include="ParticleAnchoredSpring.cpp">
      <Filter>源文件</Filter>
    </ClCompile>
    <ClCompile Include="ParticleBungee.cpp">
      <Filter>源文件</Filter>
    </ClCompile>
    <ClCompile Include="ParticleBuoyancy.cpp">
      <Filter>源文件</Filter>
    </ClCompile>
    <ClCompile Include="Shape.cpp">
      <Filter>源文件</Filter>
    </ClCompile>
    <ClCompile Include="Cube.cpp">
      <Filter>源文件</Filter>
    </ClCompile>
    <ClCompile Include="Vertex.cpp">
      <Filter>源文件</Filter>
    </ClCompile>
    <ClCompile Include="HelperFuncs.cpp">
      <Filter>源文件</Filter>
    </ClCompile>
    <ClCompile Include="ParticleForceGenerator.cpp">
      <Filter>源文件</Filter>
    </ClCompile>
    <ClCompile Include="ParticleWrapper.cpp">
      <Filter>源文件</Filter>
    </ClCompile>
    <ClCompile Include="RigidBody.cpp">
      <Filter>源文件</Filter>
    </ClCompile>
    <ClCompile Include="ForceGenerator.cpp">
      <Filter>源文件</Filter>
    </ClCompile>
    <ClCompile Include="Gravity.cpp">
      <Filter>源文件</Filter>
    </ClCompile>
    <ClCompile Include="Spring.cpp">
      <Filter>源文件</Filter>
    </ClCompile>
    <ClCompile Include="RigidBodyWrapper.cpp">
      <Filter>源文件</Filter>
    </ClCompile>
    <ClCompile Include="Bungee.cpp">
      <Filter>源文件</Filter>
    </ClCompile>
    <ClCompile Include="AnchordBungee.cpp">
      <Filter>源文件</Filter>
    </ClCompile>
  </ItemGroup>
  <ItemGroup>
    <ClInclude Include="Math.h">
      <Filter>头文件</Filter>
    </ClInclude>
    <ClInclude Include="Particle.h">
      <Filter>头文件</Filter>
    </ClInclude>
    <ClInclude Include="Vector3.h">
      <Filter>头文件</Filter>
    </ClInclude>
    <ClInclude Include="Debug.h">
      <Filter>头文件</Filter>
    </ClInclude>
    <ClInclude Include="ParticleForceGenerator.h">
      <Filter>头文件</Filter>
    </ClInclude>
    <ClInclude Include="ParticleForceRegistry.h">
      <Filter>头文件</Filter>
    </ClInclude>
    <ClInclude Include="ParticleGravity.h">
      <Filter>头文件</Filter>
    </ClInclude>
    <ClInclude Include="ParticleDrag.h">
      <Filter>头文件</Filter>
    </ClInclude>
    <ClInclude Include="ParticleSpring.h">
      <Filter>头文件</Filter>
    </ClInclude>
    <ClInclude Include="ParticleAnchoredSpring.h">
      <Filter>头文件</Filter>
    </ClInclude>
    <ClInclude Include="ParticleBungee.h">
      <Filter>头文件</Filter>
    </ClInclude>
    <ClInclude Include="ParticleBuoyancy.h">
      <Filter>头文件</Filter>
    </ClInclude>
    <ClInclude Include="Cube.h">
      <Filter>头文件</Filter>
    </ClInclude>
    <ClInclude Include="Shape.h">
      <Filter>头文件</Filter>
    </ClInclude>
    <ClInclude Include="Vertex.h">
      <Filter>头文件</Filter>
    </ClInclude>
    <ClInclude Include="HelperFuncs.h">
      <Filter>头文件</Filter>
    </ClInclude>
    <ClInclude Include="ParticleWrapper.h">
      <Filter>头文件</Filter>
    </ClInclude>
    <ClInclude Include="RigidBody.h">
      <Filter>头文件</Filter>
    </ClInclude>
    <ClInclude Include="ForceGenerator.h">
      <Filter>头文件</Filter>
    </ClInclude>
    <ClInclude Include="Gravity.h">
      <Filter>头文件</Filter>
    </ClInclude>
    <ClInclude Include="Spring.h">
      <Filter>头文件</Filter>
    </ClInclude>
    <ClInclude Include="RigidBodyWrapper.h">
      <Filter>头文件</Filter>
    </ClInclude>
    <ClInclude Include="Bungee.h">
      <Filter>头文件</Filter>
    </ClInclude>
    <ClInclude Include="AnchordBungee.h">
      <Filter>头文件</Filter>
    </ClInclude>
  </ItemGroup>
  <ItemGroup>
    <Text Include="cube_vs.glsl">
      <Filter>资源文件</Filter>
    </Text>
  </ItemGroup>
  <ItemGroup>
    <None Include="cube_fs.glsl">
      <Filter>资源文件</Filter>
    </None>
    <None Include="cube_gs.glsl">
      <Filter>资源文件</Filter>
    </None>
    <None Include="line_vs.glsl">
      <Filter>资源文件</Filter>
    </None>
    <None Include="line_fs.glsl">
      <Filter>资源文件</Filter>
    </None>
    <None Include="basis_vs.glsl">
      <Filter>资源文件</Filter>
    </None>
    <None Include="basis_gs.glsl">
      <Filter>资源文件</Filter>
    </None>
    <None Include="basis_fs.glsl">
      <Filter>资源文件</Filter>
    </None>
  </ItemGroup>
</Project>